
Microsoft Visual Studio Solution File, Format Version 12.00
# Visual Studio Version 17
VisualStudioVersion = 17.7.34221.43
MinimumVisualStudioVersion = 10.0.40219.1
Project("{FAE04EC0-301F-11D3-BF4B-00C04F79EFBC}") = "atividade", "atividade\atividade.csproj", "{6AF81DFC-53DB-46AD-910E-F3C1656A86B8}"
EndProject
Global
	GlobalSection(SolutionConfigurationPlatforms) = preSolution
		Debug|Any CPU = Debug|Any CPU
		Release|Any CPU = Release|Any CPU
	EndGlobalSection
	GlobalSection(ProjectConfigurationPlatforms) = postSolution
		{6AF81DFC-53DB-46AD-910E-F3C1656A86B8}.Debug|Any CPU.ActiveCfg = Debug|Any CPU
		{6AF81DFC-53DB-46AD-910E-F3C1656A86B8}.Debug|Any CPU.Build.0 = Debug|Any CPU
		{6AF81DFC-53DB-46AD-910E-F3C1656A86B8}.Release|Any CPU.ActiveCfg = Release|Any CPU
		{6AF81DFC-53DB-46AD-910E-F3C1656A86B8}.Release|Any CPU.Build.0 = Release|Any CPU
	EndGlobalSection
	GlobalSection(SolutionProperties) = preSolution
		HideSolutionNode = FALSE
	EndGlobalSection
	GlobalSection(ExtensibilityGlobals) = postSolution
		SolutionGuid = {2C105BD6-DAB4-448A-B3C8-D9372F766B26}
	EndGlobalSection
EndGlobal
